// !$*UTF8*$!
{
	archiveVersion = 1;
	classes = {
	};
	objectVersion = 50;
	objects = {

/* Begin PBXBuildFile section */
		E547A3632250FC290017B6AC /* AppDelegate.swift in Sources */ = {isa = PBXBuildFile; fileRef = E547A3622250FC290017B6AC /* AppDelegate.swift */; };
		E547A3652250FC290017B6AC /* ViewController.swift in Sources */ = {isa = PBXBuildFile; fileRef = E547A3642250FC290017B6AC /* ViewController.swift */; };
		E547A3682250FC290017B6AC /* Main.storyboard in Resources */ = {isa = PBXBuildFile; fileRef = E547A3662250FC290017B6AC /* Main.storyboard */; };
		E547A36A2250FC2A0017B6AC /* Assets.xcassets in Resources */ = {isa = PBXBuildFile; fileRef = E547A3692250FC2A0017B6AC /* Assets.xcassets */; };
		E547A36D2250FC2A0017B6AC /* LaunchScreen.storyboard in Resources */ = {isa = PBXBuildFile; fileRef = E547A36B2250FC2A0017B6AC /* LaunchScreen.storyboard */; };
		E547A3782250FC2A0017B6AC /* Pitch_PerfectTests.swift in Sources */ = {isa = PBXBuildFile; fileRef = E547A3772250FC2A0017B6AC /* Pitch_PerfectTests.swift */; };
		E547A3832250FC2A0017B6AC /* Pitch_PerfectUITests.swift in Sources */ = {isa = PBXBuildFile; fileRef = E547A3822250FC2A0017B6AC /* Pitch_PerfectUITests.swift */; };
		E5B9DBD3225146EA00F31C3E /* PlaySoundsViewController.swift in Sources */ = {isa = PBXBuildFile; fileRef = E5B9DBD2225146EA00F31C3E /* PlaySoundsViewController.swift */; };
		E5B9DBD5225187AC00F31C3E /* PlaySoundsViewController+Audio.swift in Sources */ = {isa = PBXBuildFile; fileRef = E5B9DBD4225187AC00F31C3E /* PlaySoundsViewController+Audio.swift */; };
/* End PBXBuildFile section */

/* Begin PBXContainerItemProxy section */
		E547A3742250FC2A0017B6AC /* PBXContainerItemProxy */ = {
			isa = PBXContainerItemProxy;
			containerPortal = E547A3572250FC290017B6AC /* Project object */;
			proxyType = 1;
			remoteGlobalIDString = E547A35E2250FC290017B6AC;
			remoteInfo = "Pitch Perfect";
		};
		E547A37F2250FC2A0017B6AC /* PBXContainerItemProxy */ = {
			isa = PBXContainerItemProxy;
			containerPortal = E547A3572250FC290017B6AC /* Project object */;
			proxyType = 1;
			remoteGlobalIDString = E547A35E2250FC290017B6AC;
			remoteInfo = "Pitch Perfect";
		};
/* End PBXContainerItemProxy section */

/* Begin PBXFileReference section */
		E547A35F2250FC290017B6AC /* Pitch Perfect.app */ = {isa = PBXFileReference; explicitFileType = wrapper.application; includeInIndex = 0; path = "Pitch Perfect.app"; sourceTree = BUILT_PRODUCTS_DIR; };
		E547A3622250FC290017B6AC /* AppDelegate.swift */ = {isa = PBXFileReference; lastKnownFileType = sourcecode.swift; path = AppDelegate.swift; sourceTree = "<group>"; };
		E547A3642250FC290017B6AC /* ViewController.swift */ = {isa = PBXFileReference; lastKnownFileType = sourcecode.swift; path = ViewController.swift; sourceTree = "<group>"; };
		E547A3672250FC290017B6AC /* Base */ = {isa = PBXFileReference; lastKnownFileType = file.storyboard; name = Base; path = Base.lproj/Main.storyboard; sourceTree = "<group>"; };
		E547A3692250FC2A0017B6AC /* Assets.xcassets */ = {isa = PBXFileReference; lastKnownFileType = folder.assetcatalog; path = Assets.xcassets; sourceTree = "<group>"; };
		E547A36C2250FC2A0017B6AC /* Base */ = {isa = PBXFileReference; lastKnownFileType = file.storyboard; name = Base; path = Base.lproj/LaunchScreen.storyboard; sourceTree = "<group>"; };
		E547A36E2250FC2A0017B6AC /* Info.plist */ = {isa = PBXFileReference; lastKnownFileType = text.plist.xml; path = Info.plist; sourceTree = "<group>"; };
		E547A3732250FC2A0017B6AC /* Pitch PerfectTests.xctest */ = {isa = PBXFileReference; explicitFileType = wrapper.cfbundle; includeInIndex = 0; path = "Pitch PerfectTests.xctest"; sourceTree = BUILT_PRODUCTS_DIR; };
		E547A3772250FC2A0017B6AC /* Pitch_PerfectTests.swift */ = {isa = PBXFileReference; lastKnownFileType = sourcecode.swift; path = Pitch_PerfectTests.swift; sourceTree = "<group>"; };
		E547A3792250FC2A0017B6AC /* Info.plist */ = {isa = PBXFileReference; lastKnownFileType = text.plist.xml; path = Info.plist; sourceTree = "<group>"; };
		E547A37E2250FC2A0017B6AC /* Pitch PerfectUITests.xctest */ = {isa = PBXFileReference; explicitFileType = wrapper.cfbundle; includeInIndex = 0; path = "Pitch PerfectUITests.xctest"; sourceTree = BUILT_PRODUCTS_DIR; };
		E547A3822250FC2A0017B6AC /* Pitch_PerfectUITests.swift */ = {isa = PBXFileReference; lastKnownFileType = sourcecode.swift; path = Pitch_PerfectUITests.swift; sourceTree = "<group>"; };
		E547A3842250FC2A0017B6AC /* Info.plist */ = {isa = PBXFileReference; lastKnownFileType = text.plist.xml; path = Info.plist; sourceTree = "<group>"; };
		E5B9DBD2225146EA00F31C3E /* PlaySoundsViewController.swift */ = {isa = PBXFileReference; lastKnownFileType = sourcecode.swift; path = PlaySoundsViewController.swift; sourceTree = "<group>"; };
		E5B9DBD4225187AC00F31C3E /* PlaySoundsViewController+Audio.swift */ = {isa = PBXFileReference; lastKnownFileType = sourcecode.swift; path = "PlaySoundsViewController+Audio.swift"; sourceTree = "<group>"; };
/* End PBXFileReference section */

/* Begin PBXFrameworksBuildPhase section */
		E547A35C2250FC290017B6AC /* Frameworks */ = {
			isa = PBXFrameworksBuildPhase;
			buildActionMask = 2147483647;
			files = (
			);
			runOnlyForDeploymentPostprocessing = 0;
		};
		E547A3702250FC2A0017B6AC /* Frameworks */ = {
			isa = PBXFrameworksBuildPhase;
			buildActionMask = 2147483647;
			files = (
			);
			runOnlyForDeploymentPostprocessing = 0;
		};
		E547A37B2250FC2A0017B6AC /* Frameworks */ = {
			isa = PBXFrameworksBuildPhase;
			buildActionMask = 2147483647;
			files = (
			);
			runOnlyForDeploymentPostprocessing = 0;
		};
/* End PBXFrameworksBuildPhase section */

/* Begin PBXGroup section */
		E547A3562250FC290017B6AC = {
			isa = PBXGroup;
			children = (
				E547A3612250FC290017B6AC /* Pitch Perfect */,
				E547A3762250FC2A0017B6AC /* Pitch PerfectTests */,
				E547A3812250FC2A0017B6AC /* Pitch PerfectUITests */,
				E547A3602250FC290017B6AC /* Products */,
			);
			sourceTree = "<group>";
		};
		E547A3602250FC290017B6AC /* Products */ = {
			isa = PBXGroup;
			children = (
				E547A35F2250FC290017B6AC /* Pitch Perfect.app */,
				E547A3732250FC2A0017B6AC /* Pitch PerfectTests.xctest */,
				E547A37E2250FC2A0017B6AC /* Pitch PerfectUITests.xctest */,
			);
			name = Products;
			sourceTree = "<group>";
		};
		E547A3612250FC290017B6AC /* Pitch Perfect */ = {
			isa = PBXGroup;
			children = (
				E547A3622250FC290017B6AC /* AppDelegate.swift */,
				E547A3642250FC290017B6AC /* ViewController.swift */,
				E547A3662250FC290017B6AC /* Main.storyboard */,
				E547A3692250FC2A0017B6AC /* Assets.xcassets */,
				E547A36B2250FC2A0017B6AC /* LaunchScreen.storyboard */,
				E547A36E2250FC2A0017B6AC /* Info.plist */,
				E5B9DBD2225146EA00F31C3E /* PlaySoundsViewController.swift */,
				E5B9DBD4225187AC00F31C3E /* PlaySoundsViewController+Audio.swift */,
			);
			path = "Pitch Perfect";
			sourceTree = "<group>";
		};
		E547A3762250FC2A0017B6AC /* Pitch PerfectTests */ = {
			isa = PBXGroup;
			children = (
				E547A3772250FC2A0017B6AC /* Pitch_PerfectTests.swift */,
				E547A3792250FC2A0017B6AC /* Info.plist */,
			);
			path = "Pitch PerfectTests";
			sourceTree = "<group>";
		};
		E547A3812250FC2A0017B6AC /* Pitch PerfectUITests */ = {
			isa = PBXGroup;
			children = (
				E547A3822250FC2A0017B6AC /* Pitch_PerfectUITests.swift */,
				E547A3842250FC2A0017B6AC /* Info.plist */,
			);
			path = "Pitch PerfectUITests";
			sourceTree = "<group>";
		};
/* End PBXGroup section */

/* Begin PBXNativeTarget section */
		E547A35E2250FC290017B6AC /* Pitch Perfect */ = {
			isa = PBXNativeTarget;
			buildConfigurationList = E547A3872250FC2A0017B6AC /* Build configuration list for PBXNativeTarget "Pitch Perfect" */;
			buildPhases = (
				E547A35B2250FC290017B6AC /* Sources */,
				E547A35C2250FC290017B6AC /* Frameworks */,
				E547A35D2250FC290017B6AC /* Resources */,
			);
			buildRules = (
			);
			dependencies = (
			);
			name = "Pitch Perfect";
			productName = "Pitch Perfect";
			productReference = E547A35F2250FC290017B6AC /* Pitch Perfect.app */;
			productType = "com.apple.product-type.application";
		};
		E547A3722250FC2A0017B6AC /* Pitch PerfectTests */ = {
			isa = PBXNativeTarget;
			buildConfigurationList = E547A38A2250FC2A0017B6AC /* Build configuration list for PBXNativeTarget "Pitch PerfectTests" */;
			buildPhases = (
				E547A36F2250FC2A0017B6AC /* Sources */,
				E547A3702250FC2A0017B6AC /* Frameworks */,
				E547A3712250FC2A0017B6AC /* Resources */,
			);
			buildRules = (
			);
			dependencies = (
				E547A3752250FC2A0017B6AC /* PBXTargetDependency */,
			);
			name = "Pitch PerfectTests";
			productName = "Pitch PerfectTests";
			productReference = E547A3732250FC2A0017B6AC /* Pitch PerfectTests.xctest */;
			productType = "com.apple.product-type.bundle.unit-test";
		};
		E547A37D2250FC2A0017B6AC /* Pitch PerfectUITests */ = {
			isa = PBXNativeTarget;
			buildConfigurationList = E547A38D2250FC2A0017B6AC /* Build configuration list for PBXNativeTarget "Pitch PerfectUITests" */;
			buildPhases = (
				E547A37A2250FC2A0017B6AC /* Sources */,
				E547A37B2250FC2A0017B6AC /* Frameworks */,
				E547A37C2250FC2A0017B6AC /* Resources */,
			);
			buildRules = (
			);
			dependencies = (
				E547A3802250FC2A0017B6AC /* PBXTargetDependency */,
			);
			name = "Pitch PerfectUITests";
			productName = "Pitch PerfectUITests";
			productReference = E547A37E2250FC2A0017B6AC /* Pitch PerfectUITests.xctest */;
			productType = "com.apple.product-type.bundle.ui-testing";
		};
/* End PBXNativeTarget section */

/* Begin PBXProject section */
		E547A3572250FC290017B6AC /* Project object */ = {
			isa = PBXProject;
			attributes = {
				LastSwiftUpdateCheck = 1000;
				LastUpgradeCheck = 1000;
				ORGANIZATIONNAME = "Bot Consultancy";
				TargetAttributes = {
					E547A35E2250FC290017B6AC = {
						CreatedOnToolsVersion = 10.0;
					};
					E547A3722250FC2A0017B6AC = {
						CreatedOnToolsVersion = 10.0;
						TestTargetID = E547A35E2250FC290017B6AC;
					};
					E547A37D2250FC2A0017B6AC = {
						CreatedOnToolsVersion = 10.0;
						TestTargetID = E547A35E2250FC290017B6AC;
					};
				};
			};
			buildConfigurationList = E547A35A2250FC290017B6AC /* Build configuration list for PBXProject "Pitch Perfect" */;
			compatibilityVersion = "Xcode 9.3";
			developmentRegion = en;
			hasScannedForEncodings = 0;
			knownRegions = (
				en,
				Base,
			);
			mainGroup = E547A3562250FC290017B6AC;
			productRefGroup = E547A3602250FC290017B6AC /* Products */;
			projectDirPath = "";
			projectRoot = "";
			targets = (
				E547A35E2250FC290017B6AC /* Pitch Perfect */,
				E547A3722250FC2A0017B6AC /* Pitch PerfectTests */,
				E547A37D2250FC2A0017B6AC /* Pitch PerfectUITests */,
			);
		};
/* End PBXProject section */

/* Begin PBXResourcesBuildPhase section */
		E547A35D2250FC290017B6AC /* Resources */ = {
			isa = PBXResourcesBuildPhase;
			buildActionMask = 2147483647;
			files = (
				E547A36D2250FC2A0017B6AC /* LaunchScreen.storyboard in Resources */,
				E547A36A2250FC2A0017B6AC /* Assets.xcassets in Resources */,
				E547A3682250FC290017B6AC /* Main.storyboard in Resources */,
			);
			runOnlyForDeploymentPostprocessing = 0;
		};
		E547A3712250FC2A0017B6AC /* Resources */ = {
			isa = PBXResourcesBuildPhase;
			buildActionMask = 2147483647;
			files = (
			);
			runOnlyForDeploymentPostprocessing = 0;
		};
		E547A37C2250FC2A0017B6AC /* Resources */ = {
			isa = PBXResourcesBuildPhase;
			buildActionMask = 2147483647;
			files = (
			);
			runOnlyForDeploymentPostprocessing = 0;
		};
/* End PBXResourcesBuildPhase section */

/* Begin PBXSourcesBuildPhase section */
		E547A35B2250FC290017B6AC /* Sources */ = {
			isa = PBXSourcesBuildPhase;
			buildActionMask = 2147483647;
			files = (
				E547A3652250FC290017B6AC /* ViewController.swift in Sources */,
				E5B9DBD5225187AC00F31C3E /* PlaySoundsViewController+Audio.swift in Sources */,
				E5B9DBD3225146EA00F31C3E /* PlaySoundsViewController.swift in Sources */,
				E547A3632250FC290017B6AC /* AppDelegate.swift in Sources */,
			);
			runOnlyForDeploymentPostprocessing = 0;
		};
		E547A36F2250FC2A0017B6AC /* Sources */ = {
			isa = PBXSourcesBuildPhase;
			buildActionMask = 2147483647;
			files = (
				E547A3782250FC2A0017B6AC /* Pitch_PerfectTests.swift in Sources */,
			);
			runOnlyForDeploymentPostprocessing = 0;
		};
		E547A37A2250FC2A0017B6AC /* Sources */ = {
			isa = PBXSourcesBuildPhase;
			buildActionMask = 2147483647;
			files = (
				E547A3832250FC2A0017B6AC /* Pitch_PerfectUITests.swift in Sources */,
			);
			runOnlyForDeploymentPostprocessing = 0;
		};
/* End PBXSourcesBuildPhase section */

/* Begin PBXTargetDependency section */
		E547A3752250FC2A0017B6AC /* PBXTargetDependency */ = {
			isa = PBXTargetDependency;
			target = E547A35E2250FC290017B6AC /* Pitch Perfect */;
			targetProxy = E547A3742250FC2A0017B6AC /* PBXContainerItemProxy */;
		};
		E547A3802250FC2A0017B6AC /* PBXTargetDependency */ = {
			isa = PBXTargetDependency;
			target = E547A35E2250FC290017B6AC /* Pitch Perfect */;
			targetProxy = E547A37F2250FC2A0017B6AC /* PBXContainerItemProxy */;
		};
/* End PBXTargetDependency section */

/* Begin PBXVariantGroup section */
		E547A3662250FC290017B6AC /* Main.storyboard */ = {
			isa = PBXVariantGroup;
			children = (
				E547A3672250FC290017B6AC /* Base */,
			);
			name = Main.storyboard;
			sourceTree = "<group>";
		};
		E547A36B2250FC2A0017B6AC /* LaunchScreen.storyboard */ = {
			isa = PBXVariantGroup;
			children = (
				E547A36C2250FC2A0017B6AC /* Base */,
			);
			name = LaunchScreen.storyboard;
			sourceTree = "<group>";
		};
/* End PBXVariantGroup section */

/* Begin XCBuildConfiguration section */
		E547A3852250FC2A0017B6AC /* Debug */ = {
			isa = XCBuildConfiguration;
			buildSettings = {
				ALWAYS_SEARCH_USER_PATHS = NO;
				CLANG_ANALYZER_NONNULL = YES;
				CLANG_ANALYZER_NUMBER_OBJECT_CONVERSION = YES_AGGRESSIVE;
				CLANG_CXX_LANGUAGE_STANDARD = "gnu++14";
				CLANG_CXX_LIBRARY = "libc++";
				CLANG_ENABLE_MODULES = YES;
				CLANG_ENABLE_OBJC_ARC = YES;
				CLANG_ENABLE_OBJC_WEAK = YES;
				CLANG_WARN_BLOCK_CAPTURE_AUTORELEASING = YES;
				CLANG_WARN_BOOL_CONVERSION = YES;
				CLANG_WARN_COMMA = YES;
				CLANG_WARN_CONSTANT_CONVERSION = YES;
				CLANG_WARN_DEPRECATED_OBJC_IMPLEMENTATIONS = YES;
				CLANG_WARN_DIRECT_OBJC_ISA_USAGE = YES_ERROR;
				CLANG_WARN_DOCUMENTATION_COMMENTS = YES;
				CLANG_WARN_EMPTY_BODY = YES;
				CLANG_WARN_ENUM_CONVERSION = YES;
				CLANG_WARN_INFINITE_RECURSION = YES;
				CLANG_WARN_INT_CONVERSION = YES;
				CLANG_WARN_NON_LITERAL_NULL_CONVERSION = YES;
				CLANG_WARN_OBJC_IMPLICIT_RETAIN_SELF = YES;
				CLANG_WARN_OBJC_LITERAL_CONVERSION = YES;
				CLANG_WARN_OBJC_ROOT_CLASS = YES_ERROR;
				CLANG_WARN_RANGE_LOOP_ANALYSIS = YES;
				CLANG_WARN_STRICT_PROTOTYPES = YES;
				CLANG_WARN_SUSPICIOUS_MOVE = YES;
				CLANG_WARN_UNGUARDED_AVAILABILITY = YES_AGGRESSIVE;
				CLANG_WARN_UNREACHABLE_CODE = YES;
				CLANG_WARN__DUPLICATE_METHOD_MATCH = YES;
				CODE_SIGN_IDENTITY = "iPhone Developer";
				COPY_PHASE_STRIP = NO;
				DEBUG_INFORMATION_FORMAT = dwarf;
				ENABLE_STRICT_OBJC_MSGSEND = YES;
				ENABLE_TESTABILITY = YES;
				GCC_C_LANGUAGE_STANDARD = gnu11;
				GCC_DYNAMIC_NO_PIC = NO;
				GCC_NO_COMMON_BLOCKS = YES;
				GCC_OPTIMIZATION_LEVEL = 0;
				GCC_PREPROCESSOR_DEFINITIONS = (
					"DEBUG=1",
					"$(inherited)",
				);
				GCC_WARN_64_TO_32_BIT_CONVERSION = YES;
				GCC_WARN_ABOUT_RETURN_TYPE = YES_ERROR;
				GCC_WARN_UNDECLARED_SELECTOR = YES;
				GCC_WARN_UNINITIALIZED_AUTOS = YES_AGGRESSIVE;
				GCC_WARN_UNUSED_FUNCTION = YES;
				GCC_WARN_UNUSED_VARIABLE = YES;
				IPHONEOS_DEPLOYMENT_TARGET = 12.0;
				MTL_ENABLE_DEBUG_INFO = INCLUDE_SOURCE;
				MTL_FAST_MATH = YES;
				ONLY_ACTIVE_ARCH = YES;
				SDKROOT = iphoneos;
				SWIFT_ACTIVE_COMPILATION_CONDITIONS = DEBUG;
				SWIFT_OPTIMIZATION_LEVEL = "-Onone";
			};
			name = Debug;
		};
		E547A3862250FC2A0017B6AC /* Release */ = {
			isa = XCBuildConfiguration;
			buildSettings = {
				ALWAYS_SEARCH_USER_PATHS = NO;
				CLANG_ANALYZER_NONNULL = YES;
				CLANG_ANALYZER_NUMBER_OBJECT_CONVERSION = YES_AGGRESSIVE;
				CLANG_CXX_LANGUAGE_STANDARD = "gnu++14";
				CLANG_CXX_LIBRARY = "libc++";
				CLANG_ENABLE_MODULES = YES;
				CLANG_ENABLE_OBJC_ARC = YES;
				CLANG_ENABLE_OBJC_WEAK = YES;
				CLANG_WARN_BLOCK_CAPTURE_AUTORELEASING = YES;
				CLANG_WARN_BOOL_CONVERSION = YES;
				CLANG_WARN_COMMA = YES;
				CLANG_WARN_CONSTANT_CONVERSION = YES;
				CLANG_WARN_DEPRECATED_OBJC_IMPLEMENTATIONS = YES;
				CLANG_WARN_DIRECT_OBJC_ISA_USAGE = YES_ERROR;
				CLANG_WARN_DOCUMENTATION_COMMENTS = YES;
				CLANG_WARN_EMPTY_BODY = YES;
				CLANG_WARN_ENUM_CONVERSION = YES;
				CLANG_WARN_INFINITE_RECURSION = YES;
				CLANG_WARN_INT_CONVERSION = YES;
				CLANG_WARN_NON_LITERAL_NULL_CONVERSION = YES;
				CLANG_WARN_OBJC_IMPLICIT_RETAIN_SELF = YES;
				CLANG_WARN_OBJC_LITERAL_CONVERSION = YES;
				CLANG_WARN_OBJC_ROOT_CLASS = YES_ERROR;
				CLANG_WARN_RANGE_LOOP_ANALYSIS = YES;
				CLANG_WARN_STRICT_PROTOTYPES = YES;
				CLANG_WARN_SUSPICIOUS_MOVE = YES;
				CLANG_WARN_UNGUARDED_AVAILABILITY = YES_AGGRESSIVE;
				CLANG_WARN_UNREACHABLE_CODE = YES;
				CLANG_WARN__DUPLICATE_METHOD_MATCH = YES;
				CODE_SIGN_IDENTITY = "iPhone Developer";
				COPY_PHASE_STRIP = NO;
				DEBUG_INFORMATION_FORMAT = "dwarf-with-dsym";
				ENABLE_NS_ASSERTIONS = NO;
				ENABLE_STRICT_OBJC_MSGSEND = YES;
				GCC_C_LANGUAGE_STANDARD = gnu11;
				GCC_NO_COMMON_BLOCKS = YES;
				GCC_WARN_64_TO_32_BIT_CONVERSION = YES;
				GCC_WARN_ABOUT_RETURN_TYPE = YES_ERROR;
				GCC_WARN_UNDECLARED_SELECTOR = YES;
				GCC_WARN_UNINITIALIZED_AUTOS = YES_AGGRESSIVE;
				GCC_WARN_UNUSED_FUNCTION = YES;
				GCC_WARN_UNUSED_VARIABLE = YES;
				IPHONEOS_DEPLOYMENT_TARGET = 12.0;
				MTL_ENABLE_DEBUG_INFO = NO;
				MTL_FAST_MATH = YES;
				SDKROOT = iphoneos;
				SWIFT_COMPILATION_MODE = wholemodule;
				SWIFT_OPTIMIZATION_LEVEL = "-O";
				VALIDATE_PRODUCT = YES;
			};
			name = Release;
		};
		E547A3882250FC2A0017B6AC /* Debug */ = {
			isa = XCBuildConfiguration;
			buildSettings = {
				ASSETCATALOG_COMPILER_APPICON_NAME = AppIcon;
				CODE_SIGN_IDENTITY = "iPhone Developer";
				CODE_SIGN_STYLE = Automatic;
				DEVELOPMENT_TEAM = BFV2Y68K2M;
				INFOPLIST_FILE = "Pitch Perfect/Info.plist";
				IPHONEOS_DEPLOYMENT_TARGET = 10.0;
				LD_RUNPATH_SEARCH_PATHS = (
					"$(inherited)",
					"@executable_path/Frameworks",
				);
				PRODUCT_BUNDLE_IDENTIFIER = "com.botconsultancy.Pitch-Perfect";
				PRODUCT_NAME = "$(TARGET_NAME)";
				PROVISIONING_PROFILE_SPECIFIER = "";
				SWIFT_VERSION = 4.2;
				TARGETED_DEVICE_FAMILY = "1,2";
			};
			name = Debug;
		};
		E547A3892250FC2A0017B6AC /* Release */ = {
			isa = XCBuildConfiguration;
			buildSettings = {
				ASSETCATALOG_COMPILER_APPICON_NAME = AppIcon;
				CODE_SIGN_IDENTITY = "iPhone Developer";
				CODE_SIGN_STYLE = Automatic;
				DEVELOPMENT_TEAM = BFV2Y68K2M;
				INFOPLIST_FILE = "Pitch Perfect/Info.plist";
				IPHONEOS_DEPLOYMENT_TARGET = 10.0;
				LD_RUNPATH_SEARCH_PATHS = (
					"$(inherited)",
					"@executable_path/Frameworks",
				);
				PRODUCT_BUNDLE_IDENTIFIER = "com.botconsultancy.Pitch-Perfect";
				PRODUCT_NAME = "$(TARGET_NAME)";
				PROVISIONING_PROFILE_SPECIFIER = "";
				SWIFT_VERSION = 4.2;
				TARGETED_DEVICE_FAMILY = "1,2";
			};
			name = Release;
		};
		E547A38B2250FC2A0017B6AC /* Debug */ = {
			isa = XCBuildConfiguration;
			buildSettings = {
				ALWAYS_EMBED_SWIFT_STANDARD_LIBRARIES = YES;
				BUNDLE_LOADER = "$(TEST_HOST)";
				CODE_SIGN_STYLE = Automatic;
				INFOPLIST_FILE = "Pitch PerfectTests/Info.plist";
				LD_RUNPATH_SEARCH_PATHS = (
					"$(inherited)",
					"@executable_path/Frameworks",
					"@loader_path/Frameworks",
				);
				PRODUCT_BUNDLE_IDENTIFIER = "com.botconsultancy.Pitch-PerfectTests";
				PRODUCT_NAME = "$(TARGET_NAME)";
				SWIFT_VERSION = 4.2;
				TARGETED_DEVICE_FAMILY = "1,2";
				TEST_HOST = "$(BUILT_PRODUCTS_DIR)/Pitch Perfect.app/Pitch Perfect";
			};
			name = Debug;
		};
		E547A38C2250FC2A0017B6AC /* Release */ = {
			isa = XCBuildConfiguration;
			buildSettings = {
				ALWAYS_EMBED_SWIFT_STANDARD_LIBRARIES = YES;
				BUNDLE_LOADER = "$(TEST_HOST)";
				CODE_SIGN_STYLE = Automatic;
				INFOPLIST_FILE = "Pitch PerfectTests/Info.plist";
				LD_RUNPATH_SEARCH_PATHS = (
					"$(inherited)",
					"@executable_path/Frameworks",
					"@loader_path/Frameworks",
				);
				PRODUCT_BUNDLE_IDENTIFIER = "com.botconsultancy.Pitch-PerfectTests";
				PRODUCT_NAME = "$(TARGET_NAME)";
				SWIFT_VERSION = 4.2;
				TARGETED_DEVICE_FAMILY = "1,2";
				TEST_HOST = "$(BUILT_PRODUCTS_DIR)/Pitch Perfect.app/Pitch Perfect";
			};
			name = Release;
		};
		E547A38E2250FC2A0017B6AC /* Debug */ = {
			isa = XCBuildConfiguration;
			buildSettings = {
				ALWAYS_EMBED_SWIFT_STANDARD_LIBRARIES = YES;
				CODE_SIGN_STYLE = Automatic;
				INFOPLIST_FILE = "Pitch PerfectUITests/Info.plist";
				LD_RUNPATH_SEARCH_PATHS = (
					"$(inherited)",
					"@executable_path/Frameworks",
					"@loader_path/Frameworks",
				);
				PRODUCT_BUNDLE_IDENTIFIER = "com.botconsultancy.Pitch-PerfectUITests";
				PRODUCT_NAME = "$(TARGET_NAME)";
				SWIFT_VERSION = 4.2;
				TARGETED_DEVICE_FAMILY = "1,2";
				TEST_TARGET_NAME = "Pitch Perfect";
			};
			name = Debug;
		};
		E547A38F2250FC2A0017B6AC /* Release */ = {
			isa = XCBuildConfiguration;
			buildSettings = {
				ALWAYS_EMBED_SWIFT_STANDARD_LIBRARIES = YES;
				CODE_SIGN_STYLE = Automatic;
				INFOPLIST_FILE = "Pitch PerfectUITests/Info.plist";
				LD_RUNPATH_SEARCH_PATHS = (
					"$(inherited)",
					"@executable_path/Frameworks",
					"@loader_path/Frameworks",
				);
				PRODUCT_BUNDLE_IDENTIFIER = "com.botconsultancy.Pitch-PerfectUITests";
				PRODUCT_NAME = "$(TARGET_NAME)";
				SWIFT_VERSION = 4.2;
				TARGETED_DEVICE_FAMILY = "1,2";
				TEST_TARGET_NAME = "Pitch Perfect";
			};
			name = Release;
		};
/* End XCBuildConfiguration section */

/* Begin XCConfigurationList section */
		E547A35A2250FC290017B6AC /* Build configuration list for PBXProject "Pitch Perfect" */ = {
			isa = XCConfigurationList;
			buildConfigurations = (
				E547A3852250FC2A0017B6AC /* Debug */,
				E547A3862250FC2A0017B6AC /* Release */,
			);
			defaultConfigurationIsVisible = 0;
			defaultConfigurationName = Release;
		};
		E547A3872250FC2A0017B6AC /* Build configuration list for PBXNativeTarget "Pitch Perfect" */ = {
			isa = XCConfigurationList;
			buildConfigurations = (
				E547A3882250FC2A0017B6AC /* Debug */,
				E547A3892250FC2A0017B6AC /* Release */,
			);
			defaultConfigurationIsVisible = 0;
			defaultConfigurationName = Release;
		};
		E547A38A2250FC2A0017B6AC /* Build configuration list for PBXNativeTarget "Pitch PerfectTests" */ = {
			isa = XCConfigurationList;
			buildConfigurations = (
				E547A38B2250FC2A0017B6AC /* Debug */,
				E547A38C2250FC2A0017B6AC /* Release */,
			);
			defaultConfigurationIsVisible = 0;
			defaultConfigurationName = Release;
		};
		E547A38D2250FC2A0017B6AC /* Build configuration list for PBXNativeTarget "Pitch PerfectUITests" */ = {
			isa = XCConfigurationList;
			buildConfigurations = (
				E547A38E2250FC2A0017B6AC /* Debug */,
				E547A38F2250FC2A0017B6AC /* Release */,
			);
			defaultConfigurationIsVisible = 0;
			defaultConfigurationName = Release;
		};
/* End XCConfigurationList section */
	};
	rootObject = E547A3572250FC290017B6AC /* Project object */;
}
